# This file is automatically @generated by Cargo.
# It is not intended for manual editing.
version = 4

[[package]]
name = "turing-a11y"
version = "0.1.0"
dependencies = [
 "turing-css",
 "turing-html",
]

[[package]]
name = "turing-architecture-prototype"
version = "0.1.0"

[[package]]
name = "turing-bench"
version = "0.1.0"
dependencies = [
 "turing-css",
 "turing-html",
 "turing-layout",
]

[[package]]
name = "turing-build-info"
version = "0.1.0"

[[package]]
name = "turing-css"
version = "0.1.0"
dependencies = [
 "turing-html",
]

[[package]]
name = "turing-dom"
version = "0.1.0"
dependencies = [
 "turing-html",
]

[[package]]
name = "turing-fuzz"
version = "0.1.0"
dependencies = [
 "turing-a11y",
 "turing-css",
 "turing-html",
 "turing-js",
 "turing-layout",
]

[[package]]
name = "turing-gc"
version = "0.1.0"

[[package]]
name = "turing-html"
version = "0.1.0"

[[package]]
name = "turing-input"
version = "0.1.0"
dependencies = [
 "turing-css",
 "turing-dom",
 "turing-html",
 "turing-layout",
]

[[package]]
name = "turing-ipc"
version = "0.1.0"
dependencies = [
 "turing-types",
]

[[package]]
name = "turing-js"
version = "0.1.0"
dependencies = [
 "turing-gc",
]

[[package]]
name = "turing-kernel"
version = "0.1.0"
dependencies = [
 "turing-ipc",
 "turing-types",
]

[[package]]
name = "turing-layout"
version = "0.1.0"
dependencies = [
 "turing-css",
 "turing-html",
]

[[package]]
name = "turing-raster"
version = "0.1.0"
dependencies = [
 "turing-css",
 "turing-layout",
]

[[package]]
name = "turing-shell"
version = "0.1.0"
dependencies = [
 "turing-build-info",
 "turing-ipc",
 "turing-kernel",
 "turing-types",
 "turing-ui-model",
]

[[package]]
name = "turing-types"
version = "0.1.0"

[[package]]
name = "turing-ui-model"
version = "0.1.0"
dependencies = [
 "turing-types",
]

[[package]]
name = "turing-webidl"
version = "0.1.0"
dependencies = [
 "turing-dom",
 "turing-gc",
 "turing-html",
 "turing-js",
]

[[package]]
name = "xtask"
version = "0.1.0"
